
Microsoft Visual Studio Solution File, Format Version 12.00
# Visual Studio Version 16
VisualStudioVersion = 16.0.29503.13
MinimumVisualStudioVersion = 10.0.40219.1
Project("{FAE04EC0-301F-11D3-BF4B-00C04F79EFBC}") = "LangApi", "LangApi\LangApi.csproj", "{833C0FEF-3638-4491-ACF7-EBBC13D16072}"
EndProject
Project("{FAE04EC0-301F-11D3-BF4B-00C04F79EFBC}") = "WebClient", "WebClient\WebClient.csproj", "{191CEFF6-F278-419E-A8F7-200D025E26A1}"
EndProject
Global
	GlobalSection(SolutionConfigurationPlatforms) = preSolution
		Debug|Any CPU = Debug|Any CPU
		Release|Any CPU = Release|Any CPU
	EndGlobalSection
	GlobalSection(ProjectConfigurationPlatforms) = postSolution
		{833C0FEF-3638-4491-ACF7-EBBC13D16072}.Debug|Any CPU.ActiveCfg = Debug|Any CPU
		{833C0FEF-3638-4491-ACF7-EBBC13D16072}.Debug|Any CPU.Build.0 = Debug|Any CPU
		{833C0FEF-3638-4491-ACF7-EBBC13D16072}.Release|Any CPU.ActiveCfg = Release|Any CPU
		{833C0FEF-3638-4491-ACF7-EBBC13D16072}.Release|Any CPU.Build.0 = Release|Any CPU
		{191CEFF6-F278-419E-A8F7-200D025E26A1}.Debug|Any CPU.ActiveCfg = Debug|Any CPU
		{191CEFF6-F278-419E-A8F7-200D025E26A1}.Debug|Any CPU.Build.0 = Debug|Any CPU
		{191CEFF6-F278-419E-A8F7-200D025E26A1}.Release|Any CPU.ActiveCfg = Release|Any CPU
		{191CEFF6-F278-419E-A8F7-200D025E26A1}.Release|Any CPU.Build.0 = Release|Any CPU
	EndGlobalSection
	GlobalSection(SolutionProperties) = preSolution
		HideSolutionNode = FALSE
	EndGlobalSection
	GlobalSection(ExtensibilityGlobals) = postSolution
		SolutionGuid = {28439F8B-8D2D-4E89-91C1-73F05CB2BEB9}
	EndGlobalSection
EndGlobal
